
Microsoft Visual Studio Solution File, Format Version 12.00
# Visual Studio Version 17
VisualStudioVersion = 17.11.35327.3
MinimumVisualStudioVersion = 10.0.40219.1
Project("{FAE04EC0-301F-11D3-BF4B-00C04F79EFBC}") = "AMysteriousVideogame", "AMysteriousVideogame.csproj", "{AD40C60F-9E58-4E6D-8328-15901E949AE2}"
EndProject
Global
	GlobalSection(SolutionConfigurationPlatforms) = preSolution
		Debug|Any CPU = Debug|Any CPU
		Release|Any CPU = Release|Any CPU
	EndGlobalSection
	GlobalSection(ProjectConfigurationPlatforms) = postSolution
		{AD40C60F-9E58-4E6D-8328-15901E949AE2}.Debug|Any CPU.ActiveCfg = Debug|Any CPU
		{AD40C60F-9E58-4E6D-8328-15901E949AE2}.Debug|Any CPU.Build.0 = Debug|Any CPU
		{AD40C60F-9E58-4E6D-8328-15901E949AE2}.Release|Any CPU.ActiveCfg = Release|Any CPU
		{AD40C60F-9E58-4E6D-8328-15901E949AE2}.Release|Any CPU.Build.0 = Release|Any CPU
	EndGlobalSection
	GlobalSection(SolutionProperties) = preSolution
		HideSolutionNode = FALSE
	EndGlobalSection
	GlobalSection(ExtensibilityGlobals) = postSolution
		SolutionGuid = {6D3DEE42-2791-4491-9C88-30BF340F182F}
	EndGlobalSection
EndGlobal
